{
  "name": "tlfs-playground",
  "version": "1.0.0",
  "lockfileVersion": 2,
  "requires": true,
  "packages": {
    "": {
      "name": "tlfs-playground",
      "version": "1.0.0",
      "license": "ISC",
      "dependencies": {
        "tlfs": "^0.1.3"
      }
    },
    "node_modules/tlfs": {
      "version": "0.1.3",
      "resolved": "https://registry.npmjs.org/tlfs/-/tlfs-0.1.3.tgz",
      "integrity": "sha512-QTsXgGV8VkSYHLkJUuAt7q1ltGkTaNB3WIfKWspr4kQyJG0uh3G8nel6z6l7qr7LleuikhFMDXbUU9BP8eqHGQ=="
    }
  },
  "dependencies": {
    "tlfs": {
      "version": "0.1.3",
      "resolved": "https://registry.npmjs.org/tlfs/-/tlfs-0.1.3.tgz",
      "integrity": "sha512-QTsXgGV8VkSYHLkJUuAt7q1ltGkTaNB3WIfKWspr4kQyJG0uh3G8nel6z6l7qr7LleuikhFMDXbUU9BP8eqHGQ=="
    }
  }
}
